<?xml version="1.0" encoding="utf-8"?>
<Project ToolsVersion="4.0" xmlns="http://schemas.microsoft.com/developer/msbuild/2003">
  <ItemGroup>
    <ClCompile Include="Camera.cpp">
      <Filter>Source</Filter>
    </ClCompile>
    <ClCompile Include="DirectionalLight.cpp">
      <Filter>Source</Filter>
    </ClCompile>
    <ClCompile Include="Entity.cpp">
      <Filter>Source</Filter>
    </ClCompile>
    <ClCompile Include="main.cpp">
      <Filter>Source</Filter>
    </ClCompile>
    <ClCompile Include="Material.cpp">
      <Filter>Source</Filter>
    </ClCompile>
    <ClCompile Include="Mesh.cpp">
      <Filter>Source</Filter>
    </ClCompile>
    <ClCompile Include="ShaderProgram.cpp">
      <Filter>Source</Filter>
    </ClCompile>
    <ClCompile Include="World.cpp">
      <Filter>Source</Filter>
    </ClCompile>
    <ClCompile Include="PointLight.cpp">
      <Filter>Source</Filter>
    </ClCompile>
    <ClCompile Include="NormalMappedMesh.cpp">
      <Filter>Source</Filter>
    </ClCompile>
    <ClCompile Include="FreeMesh.cpp">
      <Filter>Source</Filter>
    </ClCompile>
    <ClCompile Include="Terrain.cpp">
      <Filter>Source</Filter>
    </ClCompile>
  </ItemGroup>
  <ItemGroup>
    <ClInclude Include="Camera.h">
      <Filter>Headers</Filter>
    </ClInclude>
    <ClInclude Include="DirectionalLight.h">
      <Filter>Headers</Filter>
    </ClInclude>
    <ClInclude Include="Entity.h">
      <Filter>Headers</Filter>
    </ClInclude>
    <ClInclude Include="Material.h">
      <Filter>Headers</Filter>
    </ClInclude>
    <ClInclude Include="Mesh.h">
      <Filter>Headers</Filter>
    </ClInclude>
    <ClInclude Include="ShaderProgram.h">
      <Filter>Headers</Filter>
    </ClInclude>
    <ClInclude Include="World.h">
      <Filter>Headers</Filter>
    </ClInclude>
    <ClInclude Include="PointLight.h">
      <Filter>Headers</Filter>
    </ClInclude>
    <ClInclude Include="NormalMappedMesh.h">
      <Filter>Headers</Filter>
    </ClInclude>
    <ClInclude Include="FreeMesh.h">
      <Filter>Headers</Filter>
    </ClInclude>
    <ClInclude Include="Terrain.h">
      <Filter>Headers</Filter>
    </ClInclude>
  </ItemGroup>
  <ItemGroup>
    <None Include="assets\shaders\basic.frag">
      <Filter>Shaders</Filter>
    </None>
    <None Include="assets\shaders\basic.vert">
      <Filter>Shaders</Filter>
    </None>
    <None Include="assets\shaders\basic_normalmap.frag">
      <Filter>Shaders</Filter>
    </None>
    <None Include="assets\shaders\basic_normalmap.vert">
      <Filter>Shaders</Filter>
    </None>
    <None Include="assets\shaders\sinusoide.geo">
      <Filter>Shaders</Filter>
    </None>
    <None Include="assets\shaders\sinusoide.vert">
      <Filter>Shaders</Filter>
    </None>
    <None Include="assets\shaders\veryBasic.frag">
      <Filter>Shaders</Filter>
    </None>
    <None Include="assets\shaders\veryBasic.vert">
      <Filter>Shaders</Filter>
    </None>
    <None Include="assets\shaders\terrain.frag">
      <Filter>Shaders</Filter>
    </None>
    <None Include="assets\shaders\terrain.vert">
      <Filter>Shaders</Filter>
    </None>
  </ItemGroup>
  <ItemGroup>
    <Filter Include="Headers">
      <UniqueIdentifier>{9ee3a804-535e-46c8-b22e-5c1971bee874}</UniqueIdentifier>
    </Filter>
    <Filter Include="Shaders">
      <UniqueIdentifier>{54d03bcf-46e7-4863-a670-0e7fe62894a6}</UniqueIdentifier>
    </Filter>
    <Filter Include="Source">
      <UniqueIdentifier>{3ef79270-b2bd-4ca8-b854-e089e844e438}</UniqueIdentifier>
    </Filter>
  </ItemGroup>
</Project>