<?xml version="1.0" encoding="utf-8"?>
<Project ToolsVersion="4.0" xmlns="http://schemas.microsoft.com/developer/msbuild/2003">
  <ItemGroup>
    <ClCompile Include="Camera.cpp">
      <Filter>Source</Filter>
    </ClCompile>
    <ClCompile Include="DirectionalLight.cpp">
      <Filter>Source</Filter>
    </ClCompile>
    <ClCompile Include="Entity.cpp">
      <Filter>Source</Filter>
    </ClCompile>
    <ClCompile Include="main.cpp">
      <Filter>Source</Filter>
    </ClCompile>
    <ClCompile Include="Material.cpp">
      <Filter>Source</Filter>
    </ClCompile>
    <ClCompile Include="Mesh.cpp">
      <Filter>Source</Filter>
    </ClCompile>
    <ClCompile Include="ShaderProgram.cpp">
      <Filter>Source</Filter>
    </ClCompile>
    <ClCompile Include="World.cpp">
      <Filter>Source</Filter>
    </ClCompile>
    <ClCompile Include="PointLight.cpp">
      <Filter>Source</Filter>
    </ClCompile>
    <ClCompile Include="NormalMappedMesh.cpp">
      <Filter>Source</Filter>
    </ClCompile>
    <ClCompile Include="FreeMesh.cpp">
      <Filter>Source</Filter>
    </ClCompile>
    <ClCompile Include="Terrain.cpp">
      <Filter>Source</Filter>
    </ClCompile>
    <ClCompile Include="Water.cpp">
      <Filter>Source</Filter>
    </ClCompile>
    <ClCompile Include="TerrainTile.cpp">
      <Filter>Source</Filter>
    </ClCompile>
    <ClCompile Include="tinyxml2.cpp">
      <Filter>Source</Filter>
    </ClCompile>
    <ClCompile Include="OBJIndexer.cpp">
      <Filter>Source</Filter>
    </ClCompile>
    <ClCompile Include="Model.cpp">
      <Filter>Source</Filter>
    </ClCompile>
    <ClCompile Include="Sun.cpp">
      <Filter>Source</Filter>
    </ClCompile>
    <ClCompile Include="MeshInstanced.cpp">
      <Filter>Source</Filter>
    </ClCompile>
    <ClCompile Include="imgui_impl_sdl_gl3.cpp">
      <Filter>Source</Filter>
    </ClCompile>
    <ClCompile Include="imgui.cpp">
      <Filter>Source</Filter>
    </ClCompile>
    <ClCompile Include="imgui_draw.cpp">
      <Filter>Source</Filter>
    </ClCompile>
    <ClCompile Include="Animation.cpp">
      <Filter>Source</Filter>
    </ClCompile>
    <ClCompile Include="Skybox.cpp">
      <Filter>Source</Filter>
    </ClCompile>
    <ClCompile Include="InterfaceController.cpp">
      <Filter>Source</Filter>
    </ClCompile>
    <ClCompile Include="FBO.cpp">
      <Filter>Source</Filter>
    </ClCompile>
    <ClCompile Include="UniformQuad.cpp">
      <Filter>Source</Filter>
    </ClCompile>
    <ClCompile Include="Filter.cpp">
      <Filter>Source</Filter>
    </ClCompile>
    <ClCompile Include="Joint.cpp">
      <Filter>Source</Filter>
    </ClCompile>
  </ItemGroup>
  <ItemGroup>
    <ClInclude Include="Camera.h">
      <Filter>Headers</Filter>
    </ClInclude>
    <ClInclude Include="DirectionalLight.h">
      <Filter>Headers</Filter>
    </ClInclude>
    <ClInclude Include="Entity.h">
      <Filter>Headers</Filter>
    </ClInclude>
    <ClInclude Include="Material.h">
      <Filter>Headers</Filter>
    </ClInclude>
    <ClInclude Include="Mesh.h">
      <Filter>Headers</Filter>
    </ClInclude>
    <ClInclude Include="ShaderProgram.h">
      <Filter>Headers</Filter>
    </ClInclude>
    <ClInclude Include="World.h">
      <Filter>Headers</Filter>
    </ClInclude>
    <ClInclude Include="PointLight.h">
      <Filter>Headers</Filter>
    </ClInclude>
    <ClInclude Include="NormalMappedMesh.h">
      <Filter>Headers</Filter>
    </ClInclude>
    <ClInclude Include="FreeMesh.h">
      <Filter>Headers</Filter>
    </ClInclude>
    <ClInclude Include="Terrain.h">
      <Filter>Headers</Filter>
    </ClInclude>
    <ClInclude Include="Water.h">
      <Filter>Headers</Filter>
    </ClInclude>
    <ClInclude Include="TerrainTile.h">
      <Filter>Headers</Filter>
    </ClInclude>
    <ClInclude Include="tinyxml2.h">
      <Filter>Headers</Filter>
    </ClInclude>
    <ClInclude Include="OBJIndexer.h">
      <Filter>Headers</Filter>
    </ClInclude>
    <ClInclude Include="imgui.h">
      <Filter>Headers</Filter>
    </ClInclude>
    <ClInclude Include="imgui_impl_sdl_gl3.h">
      <Filter>Headers</Filter>
    </ClInclude>
    <ClInclude Include="imgui_internal.h">
      <Filter>Headers</Filter>
    </ClInclude>
    <ClInclude Include="stb_rect_pack.h">
      <Filter>Headers</Filter>
    </ClInclude>
    <ClInclude Include="stb_textedit.h">
      <Filter>Headers</Filter>
    </ClInclude>
    <ClInclude Include="stb_truetype.h">
      <Filter>Headers</Filter>
    </ClInclude>
    <ClInclude Include="Model.h">
      <Filter>Headers</Filter>
    </ClInclude>
    <ClInclude Include="Sun.h">
      <Filter>Headers</Filter>
    </ClInclude>
    <ClInclude Include="MeshInstanced.h">
      <Filter>Headers</Filter>
    </ClInclude>
    <ClInclude Include="imconfig.h">
      <Filter>Headers</Filter>
    </ClInclude>
    <ClInclude Include="Animation.h">
      <Filter>Headers</Filter>
    </ClInclude>
    <ClInclude Include="Skybox.h">
      <Filter>Headers</Filter>
    </ClInclude>
    <ClInclude Include="InterfaceController.h">
      <Filter>Headers</Filter>
    </ClInclude>
    <ClInclude Include="FBO.h">
      <Filter>Headers</Filter>
    </ClInclude>
    <ClInclude Include="UniformQuad.h">
      <Filter>Headers</Filter>
    </ClInclude>
    <ClInclude Include="Filter.h">
      <Filter>Headers</Filter>
    </ClInclude>
    <ClInclude Include="Joint.h">
      <Filter>Headers</Filter>
    </ClInclude>
  </ItemGroup>
  <ItemGroup>
    <Filter Include="Headers">
      <UniqueIdentifier>{9ee3a804-535e-46c8-b22e-5c1971bee874}</UniqueIdentifier>
    </Filter>
    <Filter Include="Shaders">
      <UniqueIdentifier>{54d03bcf-46e7-4863-a670-0e7fe62894a6}</UniqueIdentifier>
    </Filter>
    <Filter Include="Source">
      <UniqueIdentifier>{3ef79270-b2bd-4ca8-b854-e089e844e438}</UniqueIdentifier>
    </Filter>
  </ItemGroup>
  <ItemGroup>
    <None Include="assets\shaders\mesh.frag">
      <Filter>Shaders</Filter>
    </None>
    <None Include="assets\shaders\mesh.vert">
      <Filter>Shaders</Filter>
    </None>
    <None Include="assets\shaders\mesh_normalmap.frag">
      <Filter>Shaders</Filter>
    </None>
    <None Include="assets\shaders\mesh_normalmap.vert">
      <Filter>Shaders</Filter>
    </None>
    <None Include="assets\shaders\terrain.frag">
      <Filter>Shaders</Filter>
    </None>
    <None Include="assets\shaders\terrain.vert">
      <Filter>Shaders</Filter>
    </None>
    <None Include="assets\shaders\water.frag">
      <Filter>Shaders</Filter>
    </None>
    <None Include="assets\shaders\water.vert">
      <Filter>Shaders</Filter>
    </None>
    <None Include="assets\shaders\meshInst.vert">
      <Filter>Shaders</Filter>
    </None>
    <None Include="assets\shaders\meshInst.frag">
      <Filter>Shaders</Filter>
    </None>
    <None Include="assets\shaders\pass.vert">
      <Filter>Shaders</Filter>
    </None>
    <None Include="assets\shaders\fxaa.frag">
      <Filter>Shaders</Filter>
    </None>
    <None Include="assets\shaders\skybox.frag">
      <Filter>Shaders</Filter>
    </None>
    <None Include="assets\shaders\skybox.vert">
      <Filter>Shaders</Filter>
    </None>
    <None Include="assets\shaders\colorcorrection.frag">
      <Filter>Shaders</Filter>
    </None>
    <None Include="assets\shaders\depthoffield.frag">
      <Filter>Shaders</Filter>
    </None>
    <None Include="assets\shaders\anim.frag">
      <Filter>Shaders</Filter>
    </None>
    <None Include="assets\shaders\anim.vert">
      <Filter>Shaders</Filter>
    </None>
  </ItemGroup>
</Project>